
Microsoft Visual Studio Solution File, Format Version 12.00
# Visual Studio Version 17
VisualStudioVersion = 17.13.35828.75
MinimumVisualStudioVersion = 10.0.40219.1
Project("{FAE04EC0-301F-11D3-BF4B-00C04F79EFBC}") = "Peak.App.Web.IDP", "Peak.App.Web.IDP.csproj", "{1B4DCDA1-A184-0F6B-ABAE-02243BE297DE}"
EndProject
Project("{FAE04EC0-301F-11D3-BF4B-00C04F79EFBC}") = "BenchmarkIDP", "..\BenchmarkIDP\BenchmarkIDP.csproj", "{C789CC83-2EDD-4D18-BB77-8F7F96CE6F14}"
EndProject
Project("{FAE04EC0-301F-11D3-BF4B-00C04F79EFBC}") = "CompressionBenchmarkConsoleApp", "..\..\PlaygrounSolution\BenchmarkConsoleApp\BenchmarkConsoleApp\CompressionBenchmarkConsoleApp.csproj", "{EE075740-AC40-E2CA-98AD-A4821BBD934F}"
EndProject
Global
	GlobalSection(SolutionConfigurationPlatforms) = preSolution
		Debug|Any CPU = Debug|Any CPU
		Release|Any CPU = Release|Any CPU
	EndGlobalSection
	GlobalSection(ProjectConfigurationPlatforms) = postSolution
		{1B4DCDA1-A184-0F6B-ABAE-02243BE297DE}.Debug|Any CPU.ActiveCfg = Debug|Any CPU
		{1B4DCDA1-A184-0F6B-ABAE-02243BE297DE}.Debug|Any CPU.Build.0 = Debug|Any CPU
		{1B4DCDA1-A184-0F6B-ABAE-02243BE297DE}.Release|Any CPU.ActiveCfg = Release|Any CPU
		{1B4DCDA1-A184-0F6B-ABAE-02243BE297DE}.Release|Any CPU.Build.0 = Release|Any CPU
		{C789CC83-2EDD-4D18-BB77-8F7F96CE6F14}.Debug|Any CPU.ActiveCfg = Debug|Any CPU
		{C789CC83-2EDD-4D18-BB77-8F7F96CE6F14}.Debug|Any CPU.Build.0 = Debug|Any CPU
		{C789CC83-2EDD-4D18-BB77-8F7F96CE6F14}.Release|Any CPU.ActiveCfg = Release|Any CPU
		{C789CC83-2EDD-4D18-BB77-8F7F96CE6F14}.Release|Any CPU.Build.0 = Release|Any CPU
		{EE075740-AC40-E2CA-98AD-A4821BBD934F}.Debug|Any CPU.ActiveCfg = Debug|Any CPU
		{EE075740-AC40-E2CA-98AD-A4821BBD934F}.Debug|Any CPU.Build.0 = Debug|Any CPU
		{EE075740-AC40-E2CA-98AD-A4821BBD934F}.Release|Any CPU.ActiveCfg = Release|Any CPU
		{EE075740-AC40-E2CA-98AD-A4821BBD934F}.Release|Any CPU.Build.0 = Release|Any CPU
	EndGlobalSection
	GlobalSection(SolutionProperties) = preSolution
		HideSolutionNode = FALSE
	EndGlobalSection
	GlobalSection(ExtensibilityGlobals) = postSolution
		SolutionGuid = {91B945AD-665B-488A-A422-6D03CEF5530D}
	EndGlobalSection
EndGlobal
